schema: '2.0'
stages:
  dvc_optuna:
    cmd: python stages/dvc_optuna.py
    deps:
    - path: requirements.txt
      md5: 4b84249e51a366c79d6dad7e44f7d383
      size: 156
    - path: stages/dvc_optuna.py
      md5: b1489d516e469bc7f5271cd724500460
      size: 1261
    params:
      params.yaml:
        n_trials: 5
        seed: 43
    outs:
    - path: metrics/summary.json
      md5: dd0365d7070141c8d459bf24f8d26132
      size: 46
    - path: model/study.joblib
      md5: a5fd8bde0152f7f5f448e3cd37b17fec
      size: 6988
    - path: model/trial_model.joblib
      md5: 81e945428d0b05827a3710f822951e38
      size: 652
