schema: '2.0'
stages:
  dvc_optuna:
    cmd: python stages/dvc_optuna.py
    deps:
    - path: requirements.txt
      md5: fb76bbd9d8a05e11373b3ca915b3fa1e
      size: 158
    - path: stages/dvc_optuna.py
      md5: 5c7499133bfab1fb866029bf1ce0de96
      size: 1011
    params:
      params.yaml:
        n_trials: 5
        seed: 43
    outs:
    - path: dvlive-optuna/plots/metrics/metric.tsv
      md5: 61b5ea5b27cf7be89877928c5ce35f51
      size: 162
    - path: model/study.joblib
      md5: 46db1fc30fbf520998910981d4b8bd1e
      size: 7360
